
Microsoft Visual Studio Solution File, Format Version 12.00
# Visual Studio Version 17
VisualStudioVersion = 17.13.35825.156
MinimumVisualStudioVersion = 10.0.40219.1
Project("{FAE04EC0-301F-11D3-BF4B-00C04F79EFBC}") = "ApiClientLibrary", "ApiClientLibrary\ApiClientLibrary.csproj", "{D0A200EC-E715-4BF3-9448-6B4811707AAD}"
EndProject
Project("{FAE04EC0-301F-11D3-BF4B-00C04F79EFBC}") = "ApiClientTest", "ApiClientTest\ApiClientTest.csproj", "{11574F44-D2F3-4137-9239-681FD6B7CEEC}"
EndProject
Project("{FAE04EC0-301F-11D3-BF4B-00C04F79EFBC}") = "PracticaPrototipo", "PracticaPrototipo\PracticaPrototipo.csproj", "{4D78D4C9-25E1-4505-9DA8-6642FFAB4E39}"
EndProject
Global
	GlobalSection(SolutionConfigurationPlatforms) = preSolution
		Debug|Any CPU = Debug|Any CPU
		Release|Any CPU = Release|Any CPU
	EndGlobalSection
	GlobalSection(ProjectConfigurationPlatforms) = postSolution
		{D0A200EC-E715-4BF3-9448-6B4811707AAD}.Debug|Any CPU.ActiveCfg = Debug|Any CPU
		{D0A200EC-E715-4BF3-9448-6B4811707AAD}.Debug|Any CPU.Build.0 = Debug|Any CPU
		{D0A200EC-E715-4BF3-9448-6B4811707AAD}.Release|Any CPU.ActiveCfg = Release|Any CPU
		{D0A200EC-E715-4BF3-9448-6B4811707AAD}.Release|Any CPU.Build.0 = Release|Any CPU
		{11574F44-D2F3-4137-9239-681FD6B7CEEC}.Debug|Any CPU.ActiveCfg = Debug|Any CPU
		{11574F44-D2F3-4137-9239-681FD6B7CEEC}.Debug|Any CPU.Build.0 = Debug|Any CPU
		{11574F44-D2F3-4137-9239-681FD6B7CEEC}.Release|Any CPU.ActiveCfg = Release|Any CPU
		{11574F44-D2F3-4137-9239-681FD6B7CEEC}.Release|Any CPU.Build.0 = Release|Any CPU
		{4D78D4C9-25E1-4505-9DA8-6642FFAB4E39}.Debug|Any CPU.ActiveCfg = Debug|Any CPU
		{4D78D4C9-25E1-4505-9DA8-6642FFAB4E39}.Debug|Any CPU.Build.0 = Debug|Any CPU
		{4D78D4C9-25E1-4505-9DA8-6642FFAB4E39}.Release|Any CPU.ActiveCfg = Release|Any CPU
		{4D78D4C9-25E1-4505-9DA8-6642FFAB4E39}.Release|Any CPU.Build.0 = Release|Any CPU
	EndGlobalSection
	GlobalSection(SolutionProperties) = preSolution
		HideSolutionNode = FALSE
	EndGlobalSection
	GlobalSection(ExtensibilityGlobals) = postSolution
		SolutionGuid = {8E1196DD-569B-488B-9562-4454747246B5}
	EndGlobalSection
EndGlobal
